
Microsoft Visual Studio Solution File, Format Version 12.00
# Visual Studio Version 17
VisualStudioVersion = 17.11.35327.3
MinimumVisualStudioVersion = 10.0.40219.1
Project("{FAE04EC0-301F-11D3-BF4B-00C04F79EFBC}") = "NewMark", "NewMark\NewMark.csproj", "{02A38EBF-7ED0-4C1A-9F29-63BA6D45ABEA}"
EndProject
Global
	GlobalSection(SolutionConfigurationPlatforms) = preSolution
		Debug|Any CPU = Debug|Any CPU
		Release|Any CPU = Release|Any CPU
	EndGlobalSection
	GlobalSection(ProjectConfigurationPlatforms) = postSolution
		{02A38EBF-7ED0-4C1A-9F29-63BA6D45ABEA}.Debug|Any CPU.ActiveCfg = Debug|Any CPU
		{02A38EBF-7ED0-4C1A-9F29-63BA6D45ABEA}.Debug|Any CPU.Build.0 = Debug|Any CPU
		{02A38EBF-7ED0-4C1A-9F29-63BA6D45ABEA}.Release|Any CPU.ActiveCfg = Release|Any CPU
		{02A38EBF-7ED0-4C1A-9F29-63BA6D45ABEA}.Release|Any CPU.Build.0 = Release|Any CPU
	EndGlobalSection
	GlobalSection(SolutionProperties) = preSolution
		HideSolutionNode = FALSE
	EndGlobalSection
	GlobalSection(ExtensibilityGlobals) = postSolution
		SolutionGuid = {64446245-B5F1-4804-99CF-3E0F21776DC6}
	EndGlobalSection
EndGlobal
